
Microsoft Visual Studio Solution File, Format Version 12.00
# Visual Studio Version 16
VisualStudioVersion = 16.0.29728.190
MinimumVisualStudioVersion = 10.0.40219.1
Project("{FAE04EC0-301F-11D3-BF4B-00C04F79EFBC}") = "Calculator", "Calculator.csproj", "{5EF43BC5-70FC-44BE-AFA3-8EB1D2867178}"
EndProject
Global
	GlobalSection(SolutionConfigurationPlatforms) = preSolution
		Debug|Any CPU = Debug|Any CPU
		Release|Any CPU = Release|Any CPU
	EndGlobalSection
	GlobalSection(ProjectConfigurationPlatforms) = postSolution
		{5EF43BC5-70FC-44BE-AFA3-8EB1D2867178}.Debug|Any CPU.ActiveCfg = Debug|Any CPU
		{5EF43BC5-70FC-44BE-AFA3-8EB1D2867178}.Debug|Any CPU.Build.0 = Debug|Any CPU
		{5EF43BC5-70FC-44BE-AFA3-8EB1D2867178}.Release|Any CPU.ActiveCfg = Release|Any CPU
		{5EF43BC5-70FC-44BE-AFA3-8EB1D2867178}.Release|Any CPU.Build.0 = Release|Any CPU
	EndGlobalSection
	GlobalSection(SolutionProperties) = preSolution
		HideSolutionNode = FALSE
	EndGlobalSection
	GlobalSection(ExtensibilityGlobals) = postSolution
		SolutionGuid = {6B13FACD-8BFF-4FE7-AA59-5031AA2AB8A3}
	EndGlobalSection
EndGlobal
